
Microsoft Visual Studio Solution File, Format Version 12.00
# Visual Studio 15
VisualStudioVersion = 15.0.26730.12
MinimumVisualStudioVersion = 10.0.40219.1
Project("{FAE04EC0-301F-11D3-BF4B-00C04F79EFBC}") = "PruebasTrivia", "PruebasTrivia\PruebasTrivia.csproj", "{4F193F8D-ED2E-43EF-94F0-457912B5BE5C}"
EndProject
Global
	GlobalSection(SolutionConfigurationPlatforms) = preSolution
		Debug|Any CPU = Debug|Any CPU
		Release|Any CPU = Release|Any CPU
	EndGlobalSection
	GlobalSection(ProjectConfigurationPlatforms) = postSolution
		{4F193F8D-ED2E-43EF-94F0-457912B5BE5C}.Debug|Any CPU.ActiveCfg = Debug|Any CPU
		{4F193F8D-ED2E-43EF-94F0-457912B5BE5C}.Debug|Any CPU.Build.0 = Debug|Any CPU
		{4F193F8D-ED2E-43EF-94F0-457912B5BE5C}.Release|Any CPU.ActiveCfg = Release|Any CPU
		{4F193F8D-ED2E-43EF-94F0-457912B5BE5C}.Release|Any CPU.Build.0 = Release|Any CPU
	EndGlobalSection
	GlobalSection(SolutionProperties) = preSolution
		HideSolutionNode = FALSE
	EndGlobalSection
	GlobalSection(ExtensibilityGlobals) = postSolution
		SolutionGuid = {97F2518F-7526-4B67-974D-27E8227B3C44}
	EndGlobalSection
EndGlobal
